github.com/kballard/go-shellquote v0.0.0-20180428030007-95032a82bc51 h1:Z9n2FFNUXsshfwJMBgNA0RU6/i7WVaAegv3PtuIHPMs=
github.com/kballard/go-shellquote v0.0.0-20180428030007-95032a82bc51/go.mod h1:CzGEWj7cYgsdH8dAjBGEr58BoE7ScuLd+fwFZ44+/x8=
github.com/likexian/gokit v0.25.15 h1:QjospM1eXhdMMHwZRpMKKAHY/Wig9wgcREmLtf9NslY=
github.com/likexian/gokit v0.25.15/go.mod h1:S2QisdsxLEHWeD/XI0QMVeggp+jbxYqUxMvSBil7MRg=
github.com/likexian/whois v1.15.6 h1:hizngFHJTNQDlhwhU+FEGyPGxy8bRnf25gHDNrSB4Ag=
github.com/likexian/whois v1.15.6/go.mod h1:vx3kt3sZ4mx4XFgpaNp3GXQCZQIzAoyrUAkRtJwoM2I=
github.com/likexian/whois-parser v1.24.20 h1:oxEkRi0GxgqWQRLDMJpXU1EhgWmLmkqEFZ2ChXTeQLE=
github.com/likexian/whois-parser v1.24.20/go.mod h1:rAtaofg2luol09H+ogDzGIfcG8ig1NtM5R16uQADDz4=
github.com/spf13/pflag v1.0.6 h1:jFzHGLGAlb3ruxLB8MhbI6A8+AQX/2eW4qeyNZXNp2o=
github.com/spf13/pflag v1.0.6/go.mod h1:McXfInJRrz4CZXVZOBLb0bTZqETkiAhM9Iw0y3An2Bg=
github.com/xorpaul/go-nagios v0.0.0-20150828095130-23a06a37a851 h1:0WAtJKvtDgf83PqbtydAZQKjh48R3ib5Q3Xg0fM/xkQ=
github.com/xorpaul/go-nagios v0.0.0-20150828095130-23a06a37a851/go.mod h1:QXaq0JgKGeXTSeS0a9XeuoahKdHaaVRfkuumVJQSSNo=
github.com/ztrue/tracerr v0.4.0 h1:vT5PFxwIGs7rCg9ZgJ/y0NmOpJkPCPFK8x0vVIYzd04=
github.com/ztrue/tracerr v0.4.0/go.mod h1:PaFfYlas0DfmXNpo7Eay4MFhZUONqvXM+T2HyGPpngk=
golang.org/x/net v0.37.0 h1:1zLorHbz+LYj7MQlSf1+2tPIIgibq2eL5xkrGk6f+2c=
golang.org/x/net v0.37.0/go.mod h1:ivrbrMbzFq5J41QOQh0siUuly180yBYtLp+CKbEaFx8=
golang.org/x/text v0.23.0 h1:D71I7dUrlY+VX0gQShAThNGHFxZ13dGLBHQLVl1mJlY=
golang.org/x/text v0.23.0/go.mod h1:/BLNzu4aZCJ1+kcD0DNRotWKage4q2rGVAg4o22unh4=
